// !$*UTF8*$!
{
	archiveVersion = 1;
	classes = {
	};
	objectVersion = 55;
	objects = {

/* Begin PBXBuildFile section */
		E557A1592791BC160010202F /* MovieListView.swift in Sources */ = {isa = PBXBuildFile; fileRef = E557A1582791BC160010202F /* MovieListView.swift */; };
		E557A15B2791BC590010202F /* MovieListState.swift in Sources */ = {isa = PBXBuildFile; fileRef = E557A15A2791BC590010202F /* MovieListState.swift */; };
		E557A15E2791BFB30010202F /* ActivityIndicatorView.swift in Sources */ = {isa = PBXBuildFile; fileRef = E557A15D2791BFB30010202F /* ActivityIndicatorView.swift */; };
		E557A1602791C0AC0010202F /* LoadingView.swift in Sources */ = {isa = PBXBuildFile; fileRef = E557A15F2791C0AC0010202F /* LoadingView.swift */; };
		E557A1622791C3B80010202F /* MoviePosterCarouselView.swift in Sources */ = {isa = PBXBuildFile; fileRef = E557A1612791C3B80010202F /* MoviePosterCarouselView.swift */; };
		E557A1642791C9580010202F /* MovieDetailView.swift in Sources */ = {isa = PBXBuildFile; fileRef = E557A1632791C9580010202F /* MovieDetailView.swift */; };
		E557A1662791CAE60010202F /* MovieDetailState.swift in Sources */ = {isa = PBXBuildFile; fileRef = E557A1652791CAE60010202F /* MovieDetailState.swift */; };
		E557A1682791FC500010202F /* SafariView.swift in Sources */ = {isa = PBXBuildFile; fileRef = E557A1672791FC500010202F /* SafariView.swift */; };
		E557A16A2791FECA0010202F /* MovieSearchView.swift in Sources */ = {isa = PBXBuildFile; fileRef = E557A1692791FECA0010202F /* MovieSearchView.swift */; };
		E557A16C2791FF180010202F /* SearchBar.swift in Sources */ = {isa = PBXBuildFile; fileRef = E557A16B2791FF180010202F /* SearchBar.swift */; };
		E557A16E279202FA0010202F /* MovieSearchState.swift in Sources */ = {isa = PBXBuildFile; fileRef = E557A16D279202FA0010202F /* MovieSearchState.swift */; };
		E5703BE52790E6D60014B0AC /* Movie_swiftApp.swift in Sources */ = {isa = PBXBuildFile; fileRef = E5703BE42790E6D60014B0AC /* Movie_swiftApp.swift */; };
		E5703BE72790E6D60014B0AC /* ContentView.swift in Sources */ = {isa = PBXBuildFile; fileRef = E5703BE62790E6D60014B0AC /* ContentView.swift */; };
		E5703BE92790E6D70014B0AC /* Assets.xcassets in Resources */ = {isa = PBXBuildFile; fileRef = E5703BE82790E6D70014B0AC /* Assets.xcassets */; };
		E5703BEC2790E6D70014B0AC /* Preview Assets.xcassets in Resources */ = {isa = PBXBuildFile; fileRef = E5703BEB2790E6D70014B0AC /* Preview Assets.xcassets */; };
		E5703BF82790E9030014B0AC /* Movie.swift in Sources */ = {isa = PBXBuildFile; fileRef = E5703BF72790E9030014B0AC /* Movie.swift */; };
		E5703BFB2790F0090014B0AC /* MovieService.swift in Sources */ = {isa = PBXBuildFile; fileRef = E5703BFA2790F0090014B0AC /* MovieService.swift */; };
		E5703BFD2790F53A0014B0AC /* MovieStore.swift in Sources */ = {isa = PBXBuildFile; fileRef = E5703BFC2790F53A0014B0AC /* MovieStore.swift */; };
		E5703C032790FE310014B0AC /* Movie+Stub.swift in Sources */ = {isa = PBXBuildFile; fileRef = E5703C022790FE310014B0AC /* Movie+Stub.swift */; };
		E5703C082790FF100014B0AC /* movie_info.json in Resources */ = {isa = PBXBuildFile; fileRef = E5703C052790FF100014B0AC /* movie_info.json */; };
		E5703C092790FF100014B0AC /* search_movie.json in Resources */ = {isa = PBXBuildFile; fileRef = E5703C062790FF100014B0AC /* search_movie.json */; };
		E5703C0A2790FF100014B0AC /* movie_list.json in Resources */ = {isa = PBXBuildFile; fileRef = E5703C072790FF100014B0AC /* movie_list.json */; };
		E5703C0C279100710014B0AC /* Utils.swift in Sources */ = {isa = PBXBuildFile; fileRef = E5703C0B279100710014B0AC /* Utils.swift */; };
		E5703C0F2791025F0014B0AC /* MovieBackdropCard.swift in Sources */ = {isa = PBXBuildFile; fileRef = E5703C0E2791025F0014B0AC /* MovieBackdropCard.swift */; };
		E5703C132791032D0014B0AC /* ImageLoader.swift in Sources */ = {isa = PBXBuildFile; fileRef = E5703C122791032D0014B0AC /* ImageLoader.swift */; };
		E5703C1527911EE10014B0AC /* MovieBackdropCarouselView.swift in Sources */ = {isa = PBXBuildFile; fileRef = E5703C1427911EE10014B0AC /* MovieBackdropCarouselView.swift */; };
		E576681B2791283800B6ADB2 /* MoviePosterCard.swift in Sources */ = {isa = PBXBuildFile; fileRef = E576681A2791283800B6ADB2 /* MoviePosterCard.swift */; };
/* End PBXBuildFile section */

/* Begin PBXFileReference section */
		E557A1582791BC160010202F /* MovieListView.swift */ = {isa = PBXFileReference; lastKnownFileType = sourcecode.swift; path = MovieListView.swift; sourceTree = "<group>"; };
		E557A15A2791BC590010202F /* MovieListState.swift */ = {isa = PBXFileReference; lastKnownFileType = sourcecode.swift; path = MovieListState.swift; sourceTree = "<group>"; };
		E557A15D2791BFB30010202F /* ActivityIndicatorView.swift */ = {isa = PBXFileReference; lastKnownFileType = sourcecode.swift; path = ActivityIndicatorView.swift; sourceTree = "<group>"; };
		E557A15F2791C0AC0010202F /* LoadingView.swift */ = {isa = PBXFileReference; lastKnownFileType = sourcecode.swift; path = LoadingView.swift; sourceTree = "<group>"; };
		E557A1612791C3B80010202F /* MoviePosterCarouselView.swift */ = {isa = PBXFileReference; lastKnownFileType = sourcecode.swift; path = MoviePosterCarouselView.swift; sourceTree = "<group>"; };
		E557A1632791C9580010202F /* MovieDetailView.swift */ = {isa = PBXFileReference; lastKnownFileType = sourcecode.swift; path = MovieDetailView.swift; sourceTree = "<group>"; };
		E557A1652791CAE60010202F /* MovieDetailState.swift */ = {isa = PBXFileReference; lastKnownFileType = sourcecode.swift; path = MovieDetailState.swift; sourceTree = "<group>"; };
		E557A1672791FC500010202F /* SafariView.swift */ = {isa = PBXFileReference; lastKnownFileType = sourcecode.swift; path = SafariView.swift; sourceTree = "<group>"; };
		E557A1692791FECA0010202F /* MovieSearchView.swift */ = {isa = PBXFileReference; lastKnownFileType = sourcecode.swift; path = MovieSearchView.swift; sourceTree = "<group>"; };
		E557A16B2791FF180010202F /* SearchBar.swift */ = {isa = PBXFileReference; lastKnownFileType = sourcecode.swift; path = SearchBar.swift; sourceTree = "<group>"; };
		E557A16D279202FA0010202F /* MovieSearchState.swift */ = {isa = PBXFileReference; lastKnownFileType = sourcecode.swift; path = MovieSearchState.swift; sourceTree = "<group>"; };
		E5703BE12790E6D60014B0AC /* Movie-swift.app */ = {isa = PBXFileReference; explicitFileType = wrapper.application; includeInIndex = 0; path = "Movie-swift.app"; sourceTree = BUILT_PRODUCTS_DIR; };
		E5703BE42790E6D60014B0AC /* Movie_swiftApp.swift */ = {isa = PBXFileReference; lastKnownFileType = sourcecode.swift; path = Movie_swiftApp.swift; sourceTree = "<group>"; };
		E5703BE62790E6D60014B0AC /* ContentView.swift */ = {isa = PBXFileReference; lastKnownFileType = sourcecode.swift; path = ContentView.swift; sourceTree = "<group>"; };
		E5703BE82790E6D70014B0AC /* Assets.xcassets */ = {isa = PBXFileReference; lastKnownFileType = folder.assetcatalog; path = Assets.xcassets; sourceTree = "<group>"; };
		E5703BEB2790E6D70014B0AC /* Preview Assets.xcassets */ = {isa = PBXFileReference; lastKnownFileType = folder.assetcatalog; path = "Preview Assets.xcassets"; sourceTree = "<group>"; };
		E5703BF72790E9030014B0AC /* Movie.swift */ = {isa = PBXFileReference; lastKnownFileType = sourcecode.swift; path = Movie.swift; sourceTree = "<group>"; };
		E5703BFA2790F0090014B0AC /* MovieService.swift */ = {isa = PBXFileReference; lastKnownFileType = sourcecode.swift; path = MovieService.swift; sourceTree = "<group>"; };
		E5703BFC2790F53A0014B0AC /* MovieStore.swift */ = {isa = PBXFileReference; lastKnownFileType = sourcecode.swift; path = MovieStore.swift; sourceTree = "<group>"; };
		E5703C022790FE310014B0AC /* Movie+Stub.swift */ = {isa = PBXFileReference; lastKnownFileType = sourcecode.swift; path = "Movie+Stub.swift"; sourceTree = "<group>"; };
		E5703C052790FF100014B0AC /* movie_info.json */ = {isa = PBXFileReference; fileEncoding = 4; lastKnownFileType = text.json; name = movie_info.json; path = "../../../Downloads/SwiftUITMDbV2-master/SwiftUIMovieDb/Resources/movie_info.json"; sourceTree = "<group>"; };
		E5703C062790FF100014B0AC /* search_movie.json */ = {isa = PBXFileReference; fileEncoding = 4; lastKnownFileType = text.json; name = search_movie.json; path = "../../../Downloads/SwiftUITMDbV2-master/SwiftUIMovieDb/Resources/search_movie.json"; sourceTree = "<group>"; };
		E5703C072790FF100014B0AC /* movie_list.json */ = {isa = PBXFileReference; fileEncoding = 4; lastKnownFileType = text.json; name = movie_list.json; path = "../../../Downloads/SwiftUITMDbV2-master/SwiftUIMovieDb/Resources/movie_list.json"; sourceTree = "<group>"; };
		E5703C0B279100710014B0AC /* Utils.swift */ = {isa = PBXFileReference; lastKnownFileType = sourcecode.swift; path = Utils.swift; sourceTree = "<group>"; };
		E5703C0E2791025F0014B0AC /* MovieBackdropCard.swift */ = {isa = PBXFileReference; lastKnownFileType = sourcecode.swift; path = MovieBackdropCard.swift; sourceTree = "<group>"; };
		E5703C122791032D0014B0AC /* ImageLoader.swift */ = {isa = PBXFileReference; lastKnownFileType = sourcecode.swift; path = ImageLoader.swift; sourceTree = "<group>"; };
		E5703C1427911EE10014B0AC /* MovieBackdropCarouselView.swift */ = {isa = PBXFileReference; lastKnownFileType = sourcecode.swift; path = MovieBackdropCarouselView.swift; sourceTree = "<group>"; };
		E576681A2791283800B6ADB2 /* MoviePosterCard.swift */ = {isa = PBXFileReference; lastKnownFileType = sourcecode.swift; path = MoviePosterCard.swift; sourceTree = "<group>"; };
/* End PBXFileReference section */

/* Begin PBXFrameworksBuildPhase section */
		E5703BDE2790E6D60014B0AC /* Frameworks */ = {
			isa = PBXFrameworksBuildPhase;
			buildActionMask = 2147483647;
			files = (
			);
			runOnlyForDeploymentPostprocessing = 0;
		};
/* End PBXFrameworksBuildPhase section */

/* Begin PBXGroup section */
		E557A15C2791BD120010202F /* UIKitView */ = {
			isa = PBXGroup;
			children = (
				E557A15D2791BFB30010202F /* ActivityIndicatorView.swift */,
				E557A1672791FC500010202F /* SafariView.swift */,
				E557A16B2791FF180010202F /* SearchBar.swift */,
			);
			path = UIKitView;
			sourceTree = "<group>";
		};
		E5703BD82790E6D60014B0AC = {
			isa = PBXGroup;
			children = (
				E5703BE32790E6D60014B0AC /* Movie-swift */,
				E5703BE22790E6D60014B0AC /* Products */,
			);
			sourceTree = "<group>";
		};
		E5703BE22790E6D60014B0AC /* Products */ = {
			isa = PBXGroup;
			children = (
				E5703BE12790E6D60014B0AC /* Movie-swift.app */,
			);
			name = Products;
			sourceTree = "<group>";
		};
		E5703BE32790E6D60014B0AC /* Movie-swift */ = {
			isa = PBXGroup;
			children = (
				E5703C11279102F60014B0AC /* Bindings */,
				E5703C0D279102250014B0AC /* View */,
				E5703C042790FE6B0014B0AC /* Resources */,
				E5703BF92790EF940014B0AC /* Services */,
				E5703BF62790E8EA0014B0AC /* Models */,
				E5703BE42790E6D60014B0AC /* Movie_swiftApp.swift */,
				E5703BE62790E6D60014B0AC /* ContentView.swift */,
				E5703BE82790E6D70014B0AC /* Assets.xcassets */,
				E5703BEA2790E6D70014B0AC /* Preview Content */,
				E5703C0B279100710014B0AC /* Utils.swift */,
			);
			path = "Movie-swift";
			sourceTree = "<group>";
		};
		E5703BEA2790E6D70014B0AC /* Preview Content */ = {
			isa = PBXGroup;
			children = (
				E5703BEB2790E6D70014B0AC /* Preview Assets.xcassets */,
			);
			path = "Preview Content";
			sourceTree = "<group>";
		};
		E5703BF62790E8EA0014B0AC /* Models */ = {
			isa = PBXGroup;
			children = (
				E5703BF72790E9030014B0AC /* Movie.swift */,
				E5703C022790FE310014B0AC /* Movie+Stub.swift */,
			);
			name = Models;
			sourceTree = "<group>";
		};
		E5703BF92790EF940014B0AC /* Services */ = {
			isa = PBXGroup;
			children = (
				E5703BFA2790F0090014B0AC /* MovieService.swift */,
				E5703BFC2790F53A0014B0AC /* MovieStore.swift */,
			);
			name = Services;
			sourceTree = "<group>";
		};
		E5703C042790FE6B0014B0AC /* Resources */ = {
			isa = PBXGroup;
			children = (
				E5703C052790FF100014B0AC /* movie_info.json */,
				E5703C072790FF100014B0AC /* movie_list.json */,
				E5703C062790FF100014B0AC /* search_movie.json */,
			);
			name = Resources;
			sourceTree = "<group>";
		};
		E5703C0D279102250014B0AC /* View */ = {
			isa = PBXGroup;
			children = (
				E557A15C2791BD120010202F /* UIKitView */,
				E5703C0E2791025F0014B0AC /* MovieBackdropCard.swift */,
				E5703C1427911EE10014B0AC /* MovieBackdropCarouselView.swift */,
				E576681A2791283800B6ADB2 /* MoviePosterCard.swift */,
				E557A1582791BC160010202F /* MovieListView.swift */,
				E557A15F2791C0AC0010202F /* LoadingView.swift */,
				E557A1612791C3B80010202F /* MoviePosterCarouselView.swift */,
				E557A1632791C9580010202F /* MovieDetailView.swift */,
				E557A1692791FECA0010202F /* MovieSearchView.swift */,
			);
			path = View;
			sourceTree = "<group>";
		};
		E5703C11279102F60014B0AC /* Bindings */ = {
			isa = PBXGroup;
			children = (
				E5703C122791032D0014B0AC /* ImageLoader.swift */,
				E557A15A2791BC590010202F /* MovieListState.swift */,
				E557A1652791CAE60010202F /* MovieDetailState.swift */,
				E557A16D279202FA0010202F /* MovieSearchState.swift */,
			);
			path = Bindings;
			sourceTree = "<group>";
		};
/* End PBXGroup section */

/* Begin PBXNativeTarget section */
		E5703BE02790E6D60014B0AC /* Movie-swift */ = {
			isa = PBXNativeTarget;
			buildConfigurationList = E5703BEF2790E6D70014B0AC /* Build configuration list for PBXNativeTarget "Movie-swift" */;
			buildPhases = (
				E5703BDD2790E6D60014B0AC /* Sources */,
				E5703BDE2790E6D60014B0AC /* Frameworks */,
				E5703BDF2790E6D60014B0AC /* Resources */,
			);
			buildRules = (
			);
			dependencies = (
			);
			name = "Movie-swift";
			productName = "Movie-swift";
			productReference = E5703BE12790E6D60014B0AC /* Movie-swift.app */;
			productType = "com.apple.product-type.application";
		};
/* End PBXNativeTarget section */

/* Begin PBXProject section */
		E5703BD92790E6D60014B0AC /* Project object */ = {
			isa = PBXProject;
			attributes = {
				BuildIndependentTargetsInParallel = 1;
				LastSwiftUpdateCheck = 1320;
				LastUpgradeCheck = 1320;
				TargetAttributes = {
					E5703BE02790E6D60014B0AC = {
						CreatedOnToolsVersion = 13.2.1;
					};
				};
			};
			buildConfigurationList = E5703BDC2790E6D60014B0AC /* Build configuration list for PBXProject "Movie-swift" */;
			compatibilityVersion = "Xcode 13.0";
			developmentRegion = en;
			hasScannedForEncodings = 0;
			knownRegions = (
				en,
				Base,
			);
			mainGroup = E5703BD82790E6D60014B0AC;
			productRefGroup = E5703BE22790E6D60014B0AC /* Products */;
			projectDirPath = "";
			projectRoot = "";
			targets = (
				E5703BE02790E6D60014B0AC /* Movie-swift */,
			);
		};
/* End PBXProject section */

/* Begin PBXResourcesBuildPhase section */
		E5703BDF2790E6D60014B0AC /* Resources */ = {
			isa = PBXResourcesBuildPhase;
			buildActionMask = 2147483647;
			files = (
				E5703BEC2790E6D70014B0AC /* Preview Assets.xcassets in Resources */,
				E5703C082790FF100014B0AC /* movie_info.json in Resources */,
				E5703C092790FF100014B0AC /* search_movie.json in Resources */,
				E5703C0A2790FF100014B0AC /* movie_list.json in Resources */,
				E5703BE92790E6D70014B0AC /* Assets.xcassets in Resources */,
			);
			runOnlyForDeploymentPostprocessing = 0;
		};
/* End PBXResourcesBuildPhase section */

/* Begin PBXSourcesBuildPhase section */
		E5703BDD2790E6D60014B0AC /* Sources */ = {
			isa = PBXSourcesBuildPhase;
			buildActionMask = 2147483647;
			files = (
				E5703BE72790E6D60014B0AC /* ContentView.swift in Sources */,
				E5703BE52790E6D60014B0AC /* Movie_swiftApp.swift in Sources */,
				E5703C0F2791025F0014B0AC /* MovieBackdropCard.swift in Sources */,
				E557A1662791CAE60010202F /* MovieDetailState.swift in Sources */,
				E557A16E279202FA0010202F /* MovieSearchState.swift in Sources */,
				E5703BFB2790F0090014B0AC /* MovieService.swift in Sources */,
				E557A16A2791FECA0010202F /* MovieSearchView.swift in Sources */,
				E576681B2791283800B6ADB2 /* MoviePosterCard.swift in Sources */,
				E557A1592791BC160010202F /* MovieListView.swift in Sources */,
				E557A15B2791BC590010202F /* MovieListState.swift in Sources */,
				E5703C0C279100710014B0AC /* Utils.swift in Sources */,
				E557A1602791C0AC0010202F /* LoadingView.swift in Sources */,
				E5703C132791032D0014B0AC /* ImageLoader.swift in Sources */,
				E5703C032790FE310014B0AC /* Movie+Stub.swift in Sources */,
				E557A1682791FC500010202F /* SafariView.swift in Sources */,
				E557A16C2791FF180010202F /* SearchBar.swift in Sources */,
				E5703C1527911EE10014B0AC /* MovieBackdropCarouselView.swift in Sources */,
				E5703BF82790E9030014B0AC /* Movie.swift in Sources */,
				E5703BFD2790F53A0014B0AC /* MovieStore.swift in Sources */,
				E557A1642791C9580010202F /* MovieDetailView.swift in Sources */,
				E557A1622791C3B80010202F /* MoviePosterCarouselView.swift in Sources */,
				E557A15E2791BFB30010202F /* ActivityIndicatorView.swift in Sources */,
			);
			runOnlyForDeploymentPostprocessing = 0;
		};
/* End PBXSourcesBuildPhase section */

/* Begin XCBuildConfiguration section */
		E5703BED2790E6D70014B0AC /* Debug */ = {
			isa = XCBuildConfiguration;
			buildSettings = {
				ALWAYS_SEARCH_USER_PATHS = NO;
				CLANG_ANALYZER_NONNULL = YES;
				CLANG_ANALYZER_NUMBER_OBJECT_CONVERSION = YES_AGGRESSIVE;
				CLANG_CXX_LANGUAGE_STANDARD = "gnu++17";
				CLANG_CXX_LIBRARY = "libc++";
				CLANG_ENABLE_MODULES = YES;
				CLANG_ENABLE_OBJC_ARC = YES;
				CLANG_ENABLE_OBJC_WEAK = YES;
				CLANG_WARN_BLOCK_CAPTURE_AUTORELEASING = YES;
				CLANG_WARN_BOOL_CONVERSION = YES;
				CLANG_WARN_COMMA = YES;
				CLANG_WARN_CONSTANT_CONVERSION = YES;
				CLANG_WARN_DEPRECATED_OBJC_IMPLEMENTATIONS = YES;
				CLANG_WARN_DIRECT_OBJC_ISA_USAGE = YES_ERROR;
				CLANG_WARN_DOCUMENTATION_COMMENTS = YES;
				CLANG_WARN_EMPTY_BODY = YES;
				CLANG_WARN_ENUM_CONVERSION = YES;
				CLANG_WARN_INFINITE_RECURSION = YES;
				CLANG_WARN_INT_CONVERSION = YES;
				CLANG_WARN_NON_LITERAL_NULL_CONVERSION = YES;
				CLANG_WARN_OBJC_IMPLICIT_RETAIN_SELF = YES;
				CLANG_WARN_OBJC_LITERAL_CONVERSION = YES;
				CLANG_WARN_OBJC_ROOT_CLASS = YES_ERROR;
				CLANG_WARN_QUOTED_INCLUDE_IN_FRAMEWORK_HEADER = YES;
				CLANG_WARN_RANGE_LOOP_ANALYSIS = YES;
				CLANG_WARN_STRICT_PROTOTYPES = YES;
				CLANG_WARN_SUSPICIOUS_MOVE = YES;
				CLANG_WARN_UNGUARDED_AVAILABILITY = YES_AGGRESSIVE;
				CLANG_WARN_UNREACHABLE_CODE = YES;
				CLANG_WARN__DUPLICATE_METHOD_MATCH = YES;
				COPY_PHASE_STRIP = NO;
				DEBUG_INFORMATION_FORMAT = dwarf;
				ENABLE_STRICT_OBJC_MSGSEND = YES;
				ENABLE_TESTABILITY = YES;
				GCC_C_LANGUAGE_STANDARD = gnu11;
				GCC_DYNAMIC_NO_PIC = NO;
				GCC_NO_COMMON_BLOCKS = YES;
				GCC_OPTIMIZATION_LEVEL = 0;
				GCC_PREPROCESSOR_DEFINITIONS = (
					"DEBUG=1",
					"$(inherited)",
				);
				GCC_WARN_64_TO_32_BIT_CONVERSION = YES;
				GCC_WARN_ABOUT_RETURN_TYPE = YES_ERROR;
				GCC_WARN_UNDECLARED_SELECTOR = YES;
				GCC_WARN_UNINITIALIZED_AUTOS = YES_AGGRESSIVE;
				GCC_WARN_UNUSED_FUNCTION = YES;
				GCC_WARN_UNUSED_VARIABLE = YES;
				IPHONEOS_DEPLOYMENT_TARGET = 15.2;
				MTL_ENABLE_DEBUG_INFO = INCLUDE_SOURCE;
				MTL_FAST_MATH = YES;
				ONLY_ACTIVE_ARCH = YES;
				SDKROOT = iphoneos;
				SWIFT_ACTIVE_COMPILATION_CONDITIONS = DEBUG;
				SWIFT_OPTIMIZATION_LEVEL = "-Onone";
			};
			name = Debug;
		};
		E5703BEE2790E6D70014B0AC /* Release */ = {
			isa = XCBuildConfiguration;
			buildSettings = {
				ALWAYS_SEARCH_USER_PATHS = NO;
				CLANG_ANALYZER_NONNULL = YES;
				CLANG_ANALYZER_NUMBER_OBJECT_CONVERSION = YES_AGGRESSIVE;
				CLANG_CXX_LANGUAGE_STANDARD = "gnu++17";
				CLANG_CXX_LIBRARY = "libc++";
				CLANG_ENABLE_MODULES = YES;
				CLANG_ENABLE_OBJC_ARC = YES;
				CLANG_ENABLE_OBJC_WEAK = YES;
				CLANG_WARN_BLOCK_CAPTURE_AUTORELEASING = YES;
				CLANG_WARN_BOOL_CONVERSION = YES;
				CLANG_WARN_COMMA = YES;
				CLANG_WARN_CONSTANT_CONVERSION = YES;
				CLANG_WARN_DEPRECATED_OBJC_IMPLEMENTATIONS = YES;
				CLANG_WARN_DIRECT_OBJC_ISA_USAGE = YES_ERROR;
				CLANG_WARN_DOCUMENTATION_COMMENTS = YES;
				CLANG_WARN_EMPTY_BODY = YES;
				CLANG_WARN_ENUM_CONVERSION = YES;
				CLANG_WARN_INFINITE_RECURSION = YES;
				CLANG_WARN_INT_CONVERSION = YES;
				CLANG_WARN_NON_LITERAL_NULL_CONVERSION = YES;
				CLANG_WARN_OBJC_IMPLICIT_RETAIN_SELF = YES;
				CLANG_WARN_OBJC_LITERAL_CONVERSION = YES;
				CLANG_WARN_OBJC_ROOT_CLASS = YES_ERROR;
				CLANG_WARN_QUOTED_INCLUDE_IN_FRAMEWORK_HEADER = YES;
				CLANG_WARN_RANGE_LOOP_ANALYSIS = YES;
				CLANG_WARN_STRICT_PROTOTYPES = YES;
				CLANG_WARN_SUSPICIOUS_MOVE = YES;
				CLANG_WARN_UNGUARDED_AVAILABILITY = YES_AGGRESSIVE;
				CLANG_WARN_UNREACHABLE_CODE = YES;
				CLANG_WARN__DUPLICATE_METHOD_MATCH = YES;
				COPY_PHASE_STRIP = NO;
				DEBUG_INFORMATION_FORMAT = "dwarf-with-dsym";
				ENABLE_NS_ASSERTIONS = NO;
				ENABLE_STRICT_OBJC_MSGSEND = YES;
				GCC_C_LANGUAGE_STANDARD = gnu11;
				GCC_NO_COMMON_BLOCKS = YES;
				GCC_WARN_64_TO_32_BIT_CONVERSION = YES;
				GCC_WARN_ABOUT_RETURN_TYPE = YES_ERROR;
				GCC_WARN_UNDECLARED_SELECTOR = YES;
				GCC_WARN_UNINITIALIZED_AUTOS = YES_AGGRESSIVE;
				GCC_WARN_UNUSED_FUNCTION = YES;
				GCC_WARN_UNUSED_VARIABLE = YES;
				IPHONEOS_DEPLOYMENT_TARGET = 15.2;
				MTL_ENABLE_DEBUG_INFO = NO;
				MTL_FAST_MATH = YES;
				SDKROOT = iphoneos;
				SWIFT_COMPILATION_MODE = wholemodule;
				SWIFT_OPTIMIZATION_LEVEL = "-O";
				VALIDATE_PRODUCT = YES;
			};
			name = Release;
		};
		E5703BF02790E6D70014B0AC /* Debug */ = {
			isa = XCBuildConfiguration;
			buildSettings = {
				ASSETCATALOG_COMPILER_APPICON_NAME = AppIcon;
				ASSETCATALOG_COMPILER_GLOBAL_ACCENT_COLOR_NAME = AccentColor;
				CODE_SIGN_STYLE = Automatic;
				CURRENT_PROJECT_VERSION = 1;
				DEVELOPMENT_ASSET_PATHS = "\"Movie-swift/Preview Content\"";
				DEVELOPMENT_TEAM = 5XX3BW6NPH;
				ENABLE_PREVIEWS = YES;
				GENERATE_INFOPLIST_FILE = YES;
				INFOPLIST_KEY_UIApplicationSceneManifest_Generation = YES;
				INFOPLIST_KEY_UIApplicationSupportsIndirectInputEvents = YES;
				INFOPLIST_KEY_UILaunchScreen_Generation = YES;
				INFOPLIST_KEY_UISupportedInterfaceOrientations_iPad = "UIInterfaceOrientationPortrait UIInterfaceOrientationPortraitUpsideDown UIInterfaceOrientationLandscapeLeft UIInterfaceOrientationLandscapeRight";
				INFOPLIST_KEY_UISupportedInterfaceOrientations_iPhone = "UIInterfaceOrientationPortrait UIInterfaceOrientationLandscapeLeft UIInterfaceOrientationLandscapeRight";
				IPHONEOS_DEPLOYMENT_TARGET = 15.2;
				LD_RUNPATH_SEARCH_PATHS = (
					"$(inherited)",
					"@executable_path/Frameworks",
				);
				MARKETING_VERSION = 1.0;
				PRODUCT_BUNDLE_IDENTIFIER = "com-camilamarques.Movie-swift";
				PRODUCT_NAME = "$(TARGET_NAME)";
				SWIFT_EMIT_LOC_STRINGS = YES;
				SWIFT_VERSION = 5.0;
				TARGETED_DEVICE_FAMILY = "1,2";
			};
			name = Debug;
		};
		E5703BF12790E6D70014B0AC /* Release */ = {
			isa = XCBuildConfiguration;
			buildSettings = {
				ASSETCATALOG_COMPILER_APPICON_NAME = AppIcon;
				ASSETCATALOG_COMPILER_GLOBAL_ACCENT_COLOR_NAME = AccentColor;
				CODE_SIGN_STYLE = Automatic;
				CURRENT_PROJECT_VERSION = 1;
				DEVELOPMENT_ASSET_PATHS = "\"Movie-swift/Preview Content\"";
				DEVELOPMENT_TEAM = 5XX3BW6NPH;
				ENABLE_PREVIEWS = YES;
				GENERATE_INFOPLIST_FILE = YES;
				INFOPLIST_KEY_UIApplicationSceneManifest_Generation = YES;
				INFOPLIST_KEY_UIApplicationSupportsIndirectInputEvents = YES;
				INFOPLIST_KEY_UILaunchScreen_Generation = YES;
				INFOPLIST_KEY_UISupportedInterfaceOrientations_iPad = "UIInterfaceOrientationPortrait UIInterfaceOrientationPortraitUpsideDown UIInterfaceOrientationLandscapeLeft UIInterfaceOrientationLandscapeRight";
				INFOPLIST_KEY_UISupportedInterfaceOrientations_iPhone = "UIInterfaceOrientationPortrait UIInterfaceOrientationLandscapeLeft UIInterfaceOrientationLandscapeRight";
				IPHONEOS_DEPLOYMENT_TARGET = 15.2;
				LD_RUNPATH_SEARCH_PATHS = (
					"$(inherited)",
					"@executable_path/Frameworks",
				);
				MARKETING_VERSION = 1.0;
				PRODUCT_BUNDLE_IDENTIFIER = "com-camilamarques.Movie-swift";
				PRODUCT_NAME = "$(TARGET_NAME)";
				SWIFT_EMIT_LOC_STRINGS = YES;
				SWIFT_VERSION = 5.0;
				TARGETED_DEVICE_FAMILY = "1,2";
			};
			name = Release;
		};
/* End XCBuildConfiguration section */

/* Begin XCConfigurationList section */
		E5703BDC2790E6D60014B0AC /* Build configuration list for PBXProject "Movie-swift" */ = {
			isa = XCConfigurationList;
			buildConfigurations = (
				E5703BED2790E6D70014B0AC /* Debug */,
				E5703BEE2790E6D70014B0AC /* Release */,
			);
			defaultConfigurationIsVisible = 0;
			defaultConfigurationName = Release;
		};
		E5703BEF2790E6D70014B0AC /* Build configuration list for PBXNativeTarget "Movie-swift" */ = {
			isa = XCConfigurationList;
			buildConfigurations = (
				E5703BF02790E6D70014B0AC /* Debug */,
				E5703BF12790E6D70014B0AC /* Release */,
			);
			defaultConfigurationIsVisible = 0;
			defaultConfigurationName = Release;
		};
/* End XCConfigurationList section */
	};
	rootObject = E5703BD92790E6D60014B0AC /* Project object */;
}
